# THIS IS AN AUTOGENERATED FILE. DO NOT EDIT THIS FILE DIRECTLY.
# yarn lockfile v1


supermemo@^2.0.17:
  version "2.0.17"
  resolved "https://registry.yarnpkg.com/supermemo/-/supermemo-2.0.17.tgz#03341ccd1bb824a3726111e7818092e98acff99f"
  integrity sha512-c/BMAkG+IDYtAP1AR97DVU4x4gs8vfvLA4ejND7lHKdzjaAWwxixtcZjnQNfcyAKfZn2ovIYKJAGpTG45dr8ug==
